c71606744bcd9257804fe7214612b374ea57aa4cd29a3fbaac9e0830308597bc  package.json
d073210aa66d7469badd2eb75c04f92756cb8e6be201822c4dfa04827a35d743  package-lock.json
a4477780853cd70ff30add9c528f776b519e7dc0002f7be207c455bfc53ac2d4  src/cedar-editor.mjs
238ac57181a05088629b4be772fb177b387e797723af6c320cbca0e9cacfb393  build.sh
ae1dd7c2d0874de341f671a74b33efc738373d5ddc9c4d2d85ffd37a9843cb64  ../static/js/codemirror.bundle.js
