22bd3174411e207a8a611e82255051b87b34ef0e53c2cec32e53720bfebcabbc  Cargo.toml
3a5d11de53f1048b7ae79f1698a009b18a67f7ecc7f2ad3363a5cf4dd2c206bf  Cargo.lock
b7d1bdd471f2e526c3e4acba127cc1c03c112a2f8e5419dd8ced10682d9b30c4  crates/waygate-admin/Cargo.toml
052ffe43729084987cad597cee06353cfeb111b22f5465f132c1801a2ddfc665  crates/waygate-agent-runtime/Cargo.toml
8f1bac93307205c318e50368c48983c149a63754e3e097b19077df1f5e28c5b0  crates/waygate-agent/Cargo.toml
a9acf83f89e616ce180fb243a441697f9fccf0bc2c90a197d77126b74b2cb4ec  crates/waygate-apikeys/Cargo.toml
4542e78683265aa71815e7dbd1aecc5cf7182c8633672d435848791d99110279  crates/waygate-as/Cargo.toml
e8c99e943733a95d4b2d5175a1b98e0ae21f80496bdba884e9b2faaafef5aae5  crates/waygate-authz/Cargo.toml
4d2e9a2f18a15bf0dec14350d9b470c19d8a5e0bf3d593abfc462e4b48bbb7e3  crates/waygate-catalog/Cargo.toml
780d9ab2bb906a06dda20b2c81e73172a9a6826ac559555fe92bc6009a2f48e7  crates/waygate-changeset/Cargo.toml
ad7e2c7fa0d3c20ae4b39e76563c5e7ac515ac3f048bbbe38c5448e356df39f7  crates/waygate-codemode/Cargo.toml
a290c3ed92e58724cae8a0b25ec804fa70affa3e5d6e6675cde2d41ac86e5683  crates/waygate-core/Cargo.toml
62371b0fea7e0ea8b6622ae6cd5d42ee38c304cfffc7f46566757f67dc12c86c  crates/waygate-dashboard-stores/Cargo.toml
48cfa660dd0191ac07d7f1c14e42f8a16cd14e7ff9599ff4d57978ba87b31da9  crates/waygate-evidence/Cargo.toml
da6cde348894bf26316d70cd32c12515122c5a08c6d2840ff6401e8e1bdae769  crates/waygate-federation/Cargo.toml
448a138bf0b0761d365138139f7396528f964fe19acfad278952b519af64c4c3  crates/waygate-files-helper/Cargo.toml
e39378d6a94f2206f496df86fc3d745fe9c74928e9e418cfec1b927eaf80fca2  crates/waygate-invocation/Cargo.toml
23400e8991a24df79139d07003ef554c6ddbf8c9f8d9fe39468cf2ea5529efda  crates/waygate-llm-credentials/Cargo.toml
581999d04a7190a1155563f3c16edd0f2bdbecb938eb042fafcaa2071a305afb  crates/waygate-llm-discovery/Cargo.toml
ccb2db6e30210fe33f43841743ed8f58cc1dbecf75b17e1e7eb0a5a0359f3aaf  crates/waygate-llm-dispatch/Cargo.toml
3d09048eadb74c0896f2f61cd07ec882bc0d9731ebfd951d9c3b88213779123d  crates/waygate-llm-providers/Cargo.toml
c130bd7d511fb3d3e86a8c282537e57d7d4bd230df36994018cd5d5ced5be9fd  crates/waygate-llm-translate/Cargo.toml
c189939e0ff0e56532b2f74d024ec0c7a541d2938898ae8105ec2367bee0c62b  crates/waygate-manifest-store/Cargo.toml
1bd51b389cfab8281e1a365be05e9642ac915154989e8bf2fd2acaf748dcef03  crates/waygate-manifest-types/Cargo.toml
6cd2ae6df62fcbd6c8e857425f288558274d20e2b5ab455a5982f3fac4673747  crates/waygate-mcp/Cargo.toml
de026a4f5aaf057c548350ac42220d45de610a229a69ad5abab2904b38ed1ed6  crates/waygate-oidc/Cargo.toml
6b30f87fd85ca5d68fd408efb11f2905baa0cda701a481a702b5916092159887  crates/waygate-policy/Cargo.toml
ad76c527e401ae1ff7403e7f9200f74d65c70a3ca8106770a7d6ca4519daf5a9  crates/waygate-quota/Cargo.toml
8f58f78895443e290b13bed70b6c3a6c86f2a982408664118624275df3b28abd  crates/waygate-rbac/Cargo.toml
588467d04656473ee47d9bd149276df19fa90bb1678ff3a4fffdfbdc3979113c  crates/waygate-scim/Cargo.toml
63d823fbc635501c2a891815745ac25215a0e3b3621c3bd33ba172d5f5f65aca  crates/waygate-server/Cargo.toml
79871c884577902fc1c24160efefbb12b960fd857d63d802555a6289a95f6fa9  crates/waygate-skills/Cargo.toml
b082f57097a0cbb3be96bbe6f4a7c79b9df7ce552be41f0f573271ab00840023  crates/waygate-storage/Cargo.toml
ccfdee5a7f4e0bd8c4a709fe6291d42474047aeac60d1cf9d2a3c224f0e5ab3f  crates/waygate-telemetry/Cargo.toml
3db83481d445e9fa485726232cd25d0560f8e468a29f77bb51fdd5f3ad57fcaf  crates/waygate-tenants/Cargo.toml
fcdcb726c273fa41404b91b7d8ddeffa5ecd01e6b5f127152c205008b461a0ef  crates/waygate-test-client/Cargo.toml
24d53b35a8a47232c8e6b4c84ef0928575fd6c0aa650290246b5a9235939e045  crates/waygate-test-support/Cargo.toml
581b2808578943dbece180cffdd7d62971c09b5a52a3a4b26280635f59eb099a  crates/waygate-transfer/Cargo.toml
1bb0f1ca192a0cf0cb333c33dfaba8415b9ea0242fd07d1b6ff230681be87a92  crates/waygate-upstream/Cargo.toml
7549f3dd3c3b7eb31e338eaa916fbaaf7b9bedcafa91c6ad91cb5ebf79629bcc  about.toml
68502635ffaa9883d109643b480491dfe7f1faebf61dabc8d684db4422bd4230  about.hbs
b8e9fa69bc50b3ce2f62323120f20f8adfd32d64602ad6611a715fcb7a4ba9fc  scripts/generate-rust-licenses.sh
7f538b43b7089fea84db429cfb41b31243cf9dfb9595eb48c5a78d78f4c48e31  THIRD_PARTY_LICENSES.md
